// !$*UTF8*$!
{
	archiveVersion = 1;
	classes = {
	};
	objectVersion = 46;
	objects = {

/* Begin PBXBuildFile section */
		AC54F4011E13061400EDC118 /* AppDelegate.swift in Sources */ = {isa = PBXBuildFile; fileRef = AC54F4001E13061400EDC118 /* AppDelegate.swift */; };
		AC54F4031E13061400EDC118 /* ViewController.swift in Sources */ = {isa = PBXBuildFile; fileRef = AC54F4021E13061400EDC118 /* ViewController.swift */; };
		AC54F4061E13061400EDC118 /* Main.storyboard in Resources */ = {isa = PBXBuildFile; fileRef = AC54F4041E13061400EDC118 /* Main.storyboard */; };
		AC54F4091E13061400EDC118 /* DollaDollaBillsYall.xcdatamodeld in Sources */ = {isa = PBXBuildFile; fileRef = AC54F4071E13061400EDC118 /* DollaDollaBillsYall.xcdatamodeld */; };
		AC54F40B1E13061400EDC118 /* Assets.xcassets in Resources */ = {isa = PBXBuildFile; fileRef = AC54F40A1E13061400EDC118 /* Assets.xcassets */; };
		AC54F40E1E13061400EDC118 /* LaunchScreen.storyboard in Resources */ = {isa = PBXBuildFile; fileRef = AC54F40C1E13061400EDC118 /* LaunchScreen.storyboard */; };
		AC54F4191E13061400EDC118 /* DollaDollaBillsYallTests.swift in Sources */ = {isa = PBXBuildFile; fileRef = AC54F4181E13061400EDC118 /* DollaDollaBillsYallTests.swift */; };
		AC54F4241E13061400EDC118 /* DollaDollaBillsYallUITests.swift in Sources */ = {isa = PBXBuildFile; fileRef = AC54F4231E13061400EDC118 /* DollaDollaBillsYallUITests.swift */; };
/* End PBXBuildFile section */

/* Begin PBXContainerItemProxy section */
		AC54F4151E13061400EDC118 /* PBXContainerItemProxy */ = {
			isa = PBXContainerItemProxy;
			containerPortal = AC54F3F51E13061400EDC118 /* Project object */;
			proxyType = 1;
			remoteGlobalIDString = AC54F3FC1E13061400EDC118;
			remoteInfo = DollaDollaBillsYall;
		};
		AC54F4201E13061400EDC118 /* PBXContainerItemProxy */ = {
			isa = PBXContainerItemProxy;
			containerPortal = AC54F3F51E13061400EDC118 /* Project object */;
			proxyType = 1;
			remoteGlobalIDString = AC54F3FC1E13061400EDC118;
			remoteInfo = DollaDollaBillsYall;
		};
/* End PBXContainerItemProxy section */

/* Begin PBXFileReference section */
		AC54F3FD1E13061400EDC118 /* DollaDollaBillsYall.app */ = {isa = PBXFileReference; explicitFileType = wrapper.application; includeInIndex = 0; path = DollaDollaBillsYall.app; sourceTree = BUILT_PRODUCTS_DIR; };
		AC54F4001E13061400EDC118 /* AppDelegate.swift */ = {isa = PBXFileReference; lastKnownFileType = sourcecode.swift; path = AppDelegate.swift; sourceTree = "<group>"; };
		AC54F4021E13061400EDC118 /* ViewController.swift */ = {isa = PBXFileReference; lastKnownFileType = sourcecode.swift; path = ViewController.swift; sourceTree = "<group>"; };
		AC54F4051E13061400EDC118 /* Base */ = {isa = PBXFileReference; lastKnownFileType = file.storyboard; name = Base; path = Base.lproj/Main.storyboard; sourceTree = "<group>"; };
		AC54F4081E13061400EDC118 /* DollaDollaBillsYall.xcdatamodel */ = {isa = PBXFileReference; lastKnownFileType = wrapper.xcdatamodel; path = DollaDollaBillsYall.xcdatamodel; sourceTree = "<group>"; };
		AC54F40A1E13061400EDC118 /* Assets.xcassets */ = {isa = PBXFileReference; lastKnownFileType = folder.assetcatalog; path = Assets.xcassets; sourceTree = "<group>"; };
		AC54F40D1E13061400EDC118 /* Base */ = {isa = PBXFileReference; lastKnownFileType = file.storyboard; name = Base; path = Base.lproj/LaunchScreen.storyboard; sourceTree = "<group>"; };
		AC54F40F1E13061400EDC118 /* Info.plist */ = {isa = PBXFileReference; lastKnownFileType = text.plist.xml; path = Info.plist; sourceTree = "<group>"; };
		AC54F4141E13061400EDC118 /* DollaDollaBillsYallTests.xctest */ = {isa = PBXFileReference; explicitFileType = wrapper.cfbundle; includeInIndex = 0; path = DollaDollaBillsYallTests.xctest; sourceTree = BUILT_PRODUCTS_DIR; };
		AC54F4181E13061400EDC118 /* DollaDollaBillsYallTests.swift */ = {isa = PBXFileReference; lastKnownFileType = sourcecode.swift; path = DollaDollaBillsYallTests.swift; sourceTree = "<group>"; };
		AC54F41A1E13061400EDC118 /* Info.plist */ = {isa = PBXFileReference; lastKnownFileType = text.plist.xml; path = Info.plist; sourceTree = "<group>"; };
		AC54F41F1E13061400EDC118 /* DollaDollaBillsYallUITests.xctest */ = {isa = PBXFileReference; explicitFileType = wrapper.cfbundle; includeInIndex = 0; path = DollaDollaBillsYallUITests.xctest; sourceTree = BUILT_PRODUCTS_DIR; };
		AC54F4231E13061400EDC118 /* DollaDollaBillsYallUITests.swift */ = {isa = PBXFileReference; lastKnownFileType = sourcecode.swift; path = DollaDollaBillsYallUITests.swift; sourceTree = "<group>"; };
		AC54F4251E13061400EDC118 /* Info.plist */ = {isa = PBXFileReference; lastKnownFileType = text.plist.xml; path = Info.plist; sourceTree = "<group>"; };
/* End PBXFileReference section */

/* Begin PBXFrameworksBuildPhase section */
		AC54F3FA1E13061400EDC118 /* Frameworks */ = {
			isa = PBXFrameworksBuildPhase;
			buildActionMask = 2147483647;
			files = (
			);
			runOnlyForDeploymentPostprocessing = 0;
		};
		AC54F4111E13061400EDC118 /* Frameworks */ = {
			isa = PBXFrameworksBuildPhase;
			buildActionMask = 2147483647;
			files = (
			);
			runOnlyForDeploymentPostprocessing = 0;
		};
		AC54F41C1E13061400EDC118 /* Frameworks */ = {
			isa = PBXFrameworksBuildPhase;
			buildActionMask = 2147483647;
			files = (
			);
			runOnlyForDeploymentPostprocessing = 0;
		};
/* End PBXFrameworksBuildPhase section */

/* Begin PBXGroup section */
		AC54F3F41E13061400EDC118 = {
			isa = PBXGroup;
			children = (
				AC54F3FF1E13061400EDC118 /* DollaDollaBillsYall */,
				AC54F4171E13061400EDC118 /* DollaDollaBillsYallTests */,
				AC54F4221E13061400EDC118 /* DollaDollaBillsYallUITests */,
				AC54F3FE1E13061400EDC118 /* Products */,
			);
			sourceTree = "<group>";
		};
		AC54F3FE1E13061400EDC118 /* Products */ = {
			isa = PBXGroup;
			children = (
				AC54F3FD1E13061400EDC118 /* DollaDollaBillsYall.app */,
				AC54F4141E13061400EDC118 /* DollaDollaBillsYallTests.xctest */,
				AC54F41F1E13061400EDC118 /* DollaDollaBillsYallUITests.xctest */,
			);
			name = Products;
			sourceTree = "<group>";
		};
		AC54F3FF1E13061400EDC118 /* DollaDollaBillsYall */ = {
			isa = PBXGroup;
			children = (
				AC54F4001E13061400EDC118 /* AppDelegate.swift */,
				AC54F4021E13061400EDC118 /* ViewController.swift */,
				AC54F4041E13061400EDC118 /* Main.storyboard */,
				AC54F40A1E13061400EDC118 /* Assets.xcassets */,
				AC54F40C1E13061400EDC118 /* LaunchScreen.storyboard */,
				AC54F40F1E13061400EDC118 /* Info.plist */,
				AC54F4071E13061400EDC118 /* DollaDollaBillsYall.xcdatamodeld */,
			);
			path = DollaDollaBillsYall;
			sourceTree = "<group>";
		};
		AC54F4171E13061400EDC118 /* DollaDollaBillsYallTests */ = {
			isa = PBXGroup;
			children = (
				AC54F4181E13061400EDC118 /* DollaDollaBillsYallTests.swift */,
				AC54F41A1E13061400EDC118 /* Info.plist */,
			);
			path = DollaDollaBillsYallTests;
			sourceTree = "<group>";
		};
		AC54F4221E13061400EDC118 /* DollaDollaBillsYallUITests */ = {
			isa = PBXGroup;
			children = (
				AC54F4231E13061400EDC118 /* DollaDollaBillsYallUITests.swift */,
				AC54F4251E13061400EDC118 /* Info.plist */,
			);
			path = DollaDollaBillsYallUITests;
			sourceTree = "<group>";
		};
/* End PBXGroup section */

/* Begin PBXNativeTarget section */
		AC54F3FC1E13061400EDC118 /* DollaDollaBillsYall */ = {
			isa = PBXNativeTarget;
			buildConfigurationList = AC54F4281E13061400EDC118 /* Build configuration list for PBXNativeTarget "DollaDollaBillsYall" */;
			buildPhases = (
				AC54F3F91E13061400EDC118 /* Sources */,
				AC54F3FA1E13061400EDC118 /* Frameworks */,
				AC54F3FB1E13061400EDC118 /* Resources */,
			);
			buildRules = (
			);
			dependencies = (
			);
			name = DollaDollaBillsYall;
			productName = DollaDollaBillsYall;
			productReference = AC54F3FD1E13061400EDC118 /* DollaDollaBillsYall.app */;
			productType = "com.apple.product-type.application";
		};
		AC54F4131E13061400EDC118 /* DollaDollaBillsYallTests */ = {
			isa = PBXNativeTarget;
			buildConfigurationList = AC54F42B1E13061400EDC118 /* Build configuration list for PBXNativeTarget "DollaDollaBillsYallTests" */;
			buildPhases = (
				AC54F4101E13061400EDC118 /* Sources */,
				AC54F4111E13061400EDC118 /* Frameworks */,
				AC54F4121E13061400EDC118 /* Resources */,
			);
			buildRules = (
			);
			dependencies = (
				AC54F4161E13061400EDC118 /* PBXTargetDependency */,
			);
			name = DollaDollaBillsYallTests;
			productName = DollaDollaBillsYallTests;
			productReference = AC54F4141E13061400EDC118 /* DollaDollaBillsYallTests.xctest */;
			productType = "com.apple.product-type.bundle.unit-test";
		};
		AC54F41E1E13061400EDC118 /* DollaDollaBillsYallUITests */ = {
			isa = PBXNativeTarget;
			buildConfigurationList = AC54F42E1E13061400EDC118 /* Build configuration list for PBXNativeTarget "DollaDollaBillsYallUITests" */;
			buildPhases = (
				AC54F41B1E13061400EDC118 /* Sources */,
				AC54F41C1E13061400EDC118 /* Frameworks */,
				AC54F41D1E13061400EDC118 /* Resources */,
			);
			buildRules = (
			);
			dependencies = (
				AC54F4211E13061400EDC118 /* PBXTargetDependency */,
			);
			name = DollaDollaBillsYallUITests;
			productName = DollaDollaBillsYallUITests;
			productReference = AC54F41F1E13061400EDC118 /* DollaDollaBillsYallUITests.xctest */;
			productType = "com.apple.product-type.bundle.ui-testing";
		};
/* End PBXNativeTarget section */

/* Begin PBXProject section */
		AC54F3F51E13061400EDC118 /* Project object */ = {
			isa = PBXProject;
			attributes = {
				LastSwiftUpdateCheck = 0820;
				LastUpgradeCheck = 0820;
				ORGANIZATIONNAME = Archetapp;
				TargetAttributes = {
					AC54F3FC1E13061400EDC118 = {
						CreatedOnToolsVersion = 8.2.1;
						DevelopmentTeam = G4K3J435AS;
						ProvisioningStyle = Automatic;
					};
					AC54F4131E13061400EDC118 = {
						CreatedOnToolsVersion = 8.2.1;
						DevelopmentTeam = G4K3J435AS;
						ProvisioningStyle = Automatic;
						TestTargetID = AC54F3FC1E13061400EDC118;
					};
					AC54F41E1E13061400EDC118 = {
						CreatedOnToolsVersion = 8.2.1;
						DevelopmentTeam = G4K3J435AS;
						ProvisioningStyle = Automatic;
						TestTargetID = AC54F3FC1E13061400EDC118;
					};
				};
			};
			buildConfigurationList = AC54F3F81E13061400EDC118 /* Build configuration list for PBXProject "DollaDollaBillsYall" */;
			compatibilityVersion = "Xcode 3.2";
			developmentRegion = English;
			hasScannedForEncodings = 0;
			knownRegions = (
				en,
				Base,
			);
			mainGroup = AC54F3F41E13061400EDC118;
			productRefGroup = AC54F3FE1E13061400EDC118 /* Products */;
			projectDirPath = "";
			projectRoot = "";
			targets = (
				AC54F3FC1E13061400EDC118 /* DollaDollaBillsYall */,
				AC54F4131E13061400EDC118 /* DollaDollaBillsYallTests */,
				AC54F41E1E13061400EDC118 /* DollaDollaBillsYallUITests */,
			);
		};
/* End PBXProject section */

/* Begin PBXResourcesBuildPhase section */
		AC54F3FB1E13061400EDC118 /* Resources */ = {
			isa = PBXResourcesBuildPhase;
			buildActionMask = 2147483647;
			files = (
				AC54F40E1E13061400EDC118 /* LaunchScreen.storyboard in Resources */,
				AC54F40B1E13061400EDC118 /* Assets.xcassets in Resources */,
				AC54F4061E13061400EDC118 /* Main.storyboard in Resources */,
			);
			runOnlyForDeploymentPostprocessing = 0;
		};
		AC54F4121E13061400EDC118 /* Resources */ = {
			isa = PBXResourcesBuildPhase;
			buildActionMask = 2147483647;
			files = (
			);
			runOnlyForDeploymentPostprocessing = 0;
		};
		AC54F41D1E13061400EDC118 /* Resources */ = {
			isa = PBXResourcesBuildPhase;
			buildActionMask = 2147483647;
			files = (
			);
			runOnlyForDeploymentPostprocessing = 0;
		};
/* End PBXResourcesBuildPhase section */

/* Begin PBXSourcesBuildPhase section */
		AC54F3F91E13061400EDC118 /* Sources */ = {
			isa = PBXSourcesBuildPhase;
			buildActionMask = 2147483647;
			files = (
				AC54F4031E13061400EDC118 /* ViewController.swift in Sources */,
				AC54F4011E13061400EDC118 /* AppDelegate.swift in Sources */,
				AC54F4091E13061400EDC118 /* DollaDollaBillsYall.xcdatamodeld in Sources */,
			);
			runOnlyForDeploymentPostprocessing = 0;
		};
		AC54F4101E13061400EDC118 /* Sources */ = {
			isa = PBXSourcesBuildPhase;
			buildActionMask = 2147483647;
			files = (
				AC54F4191E13061400EDC118 /* DollaDollaBillsYallTests.swift in Sources */,
			);
			runOnlyForDeploymentPostprocessing = 0;
		};
		AC54F41B1E13061400EDC118 /* Sources */ = {
			isa = PBXSourcesBuildPhase;
			buildActionMask = 2147483647;
			files = (
				AC54F4241E13061400EDC118 /* DollaDollaBillsYallUITests.swift in Sources */,
			);
			runOnlyForDeploymentPostprocessing = 0;
		};
/* End PBXSourcesBuildPhase section */

/* Begin PBXTargetDependency section */
		AC54F4161E13061400EDC118 /* PBXTargetDependency */ = {
			isa = PBXTargetDependency;
			target = AC54F3FC1E13061400EDC118 /* DollaDollaBillsYall */;
			targetProxy = AC54F4151E13061400EDC118 /* PBXContainerItemProxy */;
		};
		AC54F4211E13061400EDC118 /* PBXTargetDependency */ = {
			isa = PBXTargetDependency;
			target = AC54F3FC1E13061400EDC118 /* DollaDollaBillsYall */;
			targetProxy = AC54F4201E13061400EDC118 /* PBXContainerItemProxy */;
		};
/* End PBXTargetDependency section */

/* Begin PBXVariantGroup section */
		AC54F4041E13061400EDC118 /* Main.storyboard */ = {
			isa = PBXVariantGroup;
			children = (
				AC54F4051E13061400EDC118 /* Base */,
			);
			name = Main.storyboard;
			sourceTree = "<group>";
		};
		AC54F40C1E13061400EDC118 /* LaunchScreen.storyboard */ = {
			isa = PBXVariantGroup;
			children = (
				AC54F40D1E13061400EDC118 /* Base */,
			);
			name = LaunchScreen.storyboard;
			sourceTree = "<group>";
		};
/* End PBXVariantGroup section */

/* Begin XCBuildConfiguration section */
		AC54F4261E13061400EDC118 /* Debug */ = {
			isa = XCBuildConfiguration;
			buildSettings = {
				ALWAYS_SEARCH_USER_PATHS = NO;
				CLANG_ANALYZER_NONNULL = YES;
				CLANG_CXX_LANGUAGE_STANDARD = "gnu++0x";
				CLANG_CXX_LIBRARY = "libc++";
				CLANG_ENABLE_MODULES = YES;
				CLANG_ENABLE_OBJC_ARC = YES;
				CLANG_WARN_BOOL_CONVERSION = YES;
				CLANG_WARN_CONSTANT_CONVERSION = YES;
				CLANG_WARN_DIRECT_OBJC_ISA_USAGE = YES_ERROR;
				CLANG_WARN_DOCUMENTATION_COMMENTS = YES;
				CLANG_WARN_EMPTY_BODY = YES;
				CLANG_WARN_ENUM_CONVERSION = YES;
				CLANG_WARN_INFINITE_RECURSION = YES;
				CLANG_WARN_INT_CONVERSION = YES;
				CLANG_WARN_OBJC_ROOT_CLASS = YES_ERROR;
				CLANG_WARN_SUSPICIOUS_MOVE = YES;
				CLANG_WARN_UNREACHABLE_CODE = YES;
				CLANG_WARN__DUPLICATE_METHOD_MATCH = YES;
				"CODE_SIGN_IDENTITY[sdk=iphoneos*]" = "iPhone Developer";
				COPY_PHASE_STRIP = NO;
				DEBUG_INFORMATION_FORMAT = dwarf;
				ENABLE_STRICT_OBJC_MSGSEND = YES;
				ENABLE_TESTABILITY = YES;
				GCC_C_LANGUAGE_STANDARD = gnu99;
				GCC_DYNAMIC_NO_PIC = NO;
				GCC_NO_COMMON_BLOCKS = YES;
				GCC_OPTIMIZATION_LEVEL = 0;
				GCC_PREPROCESSOR_DEFINITIONS = (
					"DEBUG=1",
					"$(inherited)",
				);
				GCC_WARN_64_TO_32_BIT_CONVERSION = YES;
				GCC_WARN_ABOUT_RETURN_TYPE = YES_ERROR;
				GCC_WARN_UNDECLARED_SELECTOR = YES;
				GCC_WARN_UNINITIALIZED_AUTOS = YES_AGGRESSIVE;
				GCC_WARN_UNUSED_FUNCTION = YES;
				GCC_WARN_UNUSED_VARIABLE = YES;
				IPHONEOS_DEPLOYMENT_TARGET = 10.2;
				MTL_ENABLE_DEBUG_INFO = YES;
				ONLY_ACTIVE_ARCH = YES;
				SDKROOT = iphoneos;
				SWIFT_ACTIVE_COMPILATION_CONDITIONS = DEBUG;
				SWIFT_OPTIMIZATION_LEVEL = "-Onone";
				TARGETED_DEVICE_FAMILY = "1,2";
			};
			name = Debug;
		};
		AC54F4271E13061400EDC118 /* Release */ = {
			isa = XCBuildConfiguration;
			buildSettings = {
				ALWAYS_SEARCH_USER_PATHS = NO;
				CLANG_ANALYZER_NONNULL = YES;
				CLANG_CXX_LANGUAGE_STANDARD = "gnu++0x";
				CLANG_CXX_LIBRARY = "libc++";
				CLANG_ENABLE_MODULES = YES;
				CLANG_ENABLE_OBJC_ARC = YES;
				CLANG_WARN_BOOL_CONVERSION = YES;
				CLANG_WARN_CONSTANT_CONVERSION = YES;
				CLANG_WARN_DIRECT_OBJC_ISA_USAGE = YES_ERROR;
				CLANG_WARN_DOCUMENTATION_COMMENTS = YES;
				CLANG_WARN_EMPTY_BODY = YES;
				CLANG_WARN_ENUM_CONVERSION = YES;
				CLANG_WARN_INFINITE_RECURSION = YES;
				CLANG_WARN_INT_CONVERSION = YES;
				CLANG_WARN_OBJC_ROOT_CLASS = YES_ERROR;
				CLANG_WARN_SUSPICIOUS_MOVE = YES;
				CLANG_WARN_UNREACHABLE_CODE = YES;
				CLANG_WARN__DUPLICATE_METHOD_MATCH = YES;
				"CODE_SIGN_IDENTITY[sdk=iphoneos*]" = "iPhone Developer";
				COPY_PHASE_STRIP = NO;
				DEBUG_INFORMATION_FORMAT = "dwarf-with-dsym";
				ENABLE_NS_ASSERTIONS = NO;
				ENABLE_STRICT_OBJC_MSGSEND = YES;
				GCC_C_LANGUAGE_STANDARD = gnu99;
				GCC_NO_COMMON_BLOCKS = YES;
				GCC_WARN_64_TO_32_BIT_CONVERSION = YES;
				GCC_WARN_ABOUT_RETURN_TYPE = YES_ERROR;
				GCC_WARN_UNDECLARED_SELECTOR = YES;
				GCC_WARN_UNINITIALIZED_AUTOS = YES_AGGRESSIVE;
				GCC_WARN_UNUSED_FUNCTION = YES;
				GCC_WARN_UNUSED_VARIABLE = YES;
				IPHONEOS_DEPLOYMENT_TARGET = 10.2;
				MTL_ENABLE_DEBUG_INFO = NO;
				SDKROOT = iphoneos;
				SWIFT_OPTIMIZATION_LEVEL = "-Owholemodule";
				TARGETED_DEVICE_FAMILY = "1,2";
				VALIDATE_PRODUCT = YES;
			};
			name = Release;
		};
		AC54F4291E13061400EDC118 /* Debug */ = {
			isa = XCBuildConfiguration;
			buildSettings = {
				ASSETCATALOG_COMPILER_APPICON_NAME = AppIcon;
				DEVELOPMENT_TEAM = G4K3J435AS;
				INFOPLIST_FILE = DollaDollaBillsYall/Info.plist;
				LD_RUNPATH_SEARCH_PATHS = "$(inherited) @executable_path/Frameworks";
				PRODUCT_BUNDLE_IDENTIFIER = com.Archetapp.DollaDollaBillsYall;
				PRODUCT_NAME = "$(TARGET_NAME)";
				SWIFT_VERSION = 3.0;
			};
			name = Debug;
		};
		AC54F42A1E13061400EDC118 /* Release */ = {
			isa = XCBuildConfiguration;
			buildSettings = {
				ASSETCATALOG_COMPILER_APPICON_NAME = AppIcon;
				DEVELOPMENT_TEAM = G4K3J435AS;
				INFOPLIST_FILE = DollaDollaBillsYall/Info.plist;
				LD_RUNPATH_SEARCH_PATHS = "$(inherited) @executable_path/Frameworks";
				PRODUCT_BUNDLE_IDENTIFIER = com.Archetapp.DollaDollaBillsYall;
				PRODUCT_NAME = "$(TARGET_NAME)";
				SWIFT_VERSION = 3.0;
			};
			name = Release;
		};
		AC54F42C1E13061400EDC118 /* Debug */ = {
			isa = XCBuildConfiguration;
			buildSettings = {
				ALWAYS_EMBED_SWIFT_STANDARD_LIBRARIES = YES;
				BUNDLE_LOADER = "$(TEST_HOST)";
				DEVELOPMENT_TEAM = G4K3J435AS;
				INFOPLIST_FILE = DollaDollaBillsYallTests/Info.plist;
				LD_RUNPATH_SEARCH_PATHS = "$(inherited) @executable_path/Frameworks @loader_path/Frameworks";
				PRODUCT_BUNDLE_IDENTIFIER = com.Archetapp.DollaDollaBillsYallTests;
				PRODUCT_NAME = "$(TARGET_NAME)";
				SWIFT_VERSION = 3.0;
				TEST_HOST = "$(BUILT_PRODUCTS_DIR)/DollaDollaBillsYall.app/DollaDollaBillsYall";
			};
			name = Debug;
		};
		AC54F42D1E13061400EDC118 /* Release */ = {
			isa = XCBuildConfiguration;
			buildSettings = {
				ALWAYS_EMBED_SWIFT_STANDARD_LIBRARIES = YES;
				BUNDLE_LOADER = "$(TEST_HOST)";
				DEVELOPMENT_TEAM = G4K3J435AS;
				INFOPLIST_FILE = DollaDollaBillsYallTests/Info.plist;
				LD_RUNPATH_SEARCH_PATHS = "$(inherited) @executable_path/Frameworks @loader_path/Frameworks";
				PRODUCT_BUNDLE_IDENTIFIER = com.Archetapp.DollaDollaBillsYallTests;
				PRODUCT_NAME = "$(TARGET_NAME)";
				SWIFT_VERSION = 3.0;
				TEST_HOST = "$(BUILT_PRODUCTS_DIR)/DollaDollaBillsYall.app/DollaDollaBillsYall";
			};
			name = Release;
		};
		AC54F42F1E13061400EDC118 /* Debug */ = {
			isa = XCBuildConfiguration;
			buildSettings = {
				ALWAYS_EMBED_SWIFT_STANDARD_LIBRARIES = YES;
				DEVELOPMENT_TEAM = G4K3J435AS;
				INFOPLIST_FILE = DollaDollaBillsYallUITests/Info.plist;
				LD_RUNPATH_SEARCH_PATHS = "$(inherited) @executable_path/Frameworks @loader_path/Frameworks";
				PRODUCT_BUNDLE_IDENTIFIER = com.Archetapp.DollaDollaBillsYallUITests;
				PRODUCT_NAME = "$(TARGET_NAME)";
				SWIFT_VERSION = 3.0;
				TEST_TARGET_NAME = DollaDollaBillsYall;
			};
			name = Debug;
		};
		AC54F4301E13061400EDC118 /* Release */ = {
			isa = XCBuildConfiguration;
			buildSettings = {
				ALWAYS_EMBED_SWIFT_STANDARD_LIBRARIES = YES;
				DEVELOPMENT_TEAM = G4K3J435AS;
				INFOPLIST_FILE = DollaDollaBillsYallUITests/Info.plist;
				LD_RUNPATH_SEARCH_PATHS = "$(inherited) @executable_path/Frameworks @loader_path/Frameworks";
				PRODUCT_BUNDLE_IDENTIFIER = com.Archetapp.DollaDollaBillsYallUITests;
				PRODUCT_NAME = "$(TARGET_NAME)";
				SWIFT_VERSION = 3.0;
				TEST_TARGET_NAME = DollaDollaBillsYall;
			};
			name = Release;
		};
/* End XCBuildConfiguration section */

/* Begin XCConfigurationList section */
		AC54F3F81E13061400EDC118 /* Build configuration list for PBXProject "DollaDollaBillsYall" */ = {
			isa = XCConfigurationList;
			buildConfigurations = (
				AC54F4261E13061400EDC118 /* Debug */,
				AC54F4271E13061400EDC118 /* Release */,
			);
			defaultConfigurationIsVisible = 0;
			defaultConfigurationName = Release;
		};
		AC54F4281E13061400EDC118 /* Build configuration list for PBXNativeTarget "DollaDollaBillsYall" */ = {
			isa = XCConfigurationList;
			buildConfigurations = (
				AC54F4291E13061400EDC118 /* Debug */,
				AC54F42A1E13061400EDC118 /* Release */,
			);
			defaultConfigurationIsVisible = 0;
		};
		AC54F42B1E13061400EDC118 /* Build configuration list for PBXNativeTarget "DollaDollaBillsYallTests" */ = {
			isa = XCConfigurationList;
			buildConfigurations = (
				AC54F42C1E13061400EDC118 /* Debug */,
				AC54F42D1E13061400EDC118 /* Release */,
			);
			defaultConfigurationIsVisible = 0;
		};
		AC54F42E1E13061400EDC118 /* Build configuration list for PBXNativeTarget "DollaDollaBillsYallUITests" */ = {
			isa = XCConfigurationList;
			buildConfigurations = (
				AC54F42F1E13061400EDC118 /* Debug */,
				AC54F4301E13061400EDC118 /* Release */,
			);
			defaultConfigurationIsVisible = 0;
		};
/* End XCConfigurationList section */

/* Begin XCVersionGroup section */
		AC54F4071E13061400EDC118 /* DollaDollaBillsYall.xcdatamodeld */ = {
			isa = XCVersionGroup;
			children = (
				AC54F4081E13061400EDC118 /* DollaDollaBillsYall.xcdatamodel */,
			);
			currentVersion = AC54F4081E13061400EDC118 /* DollaDollaBillsYall.xcdatamodel */;
			path = DollaDollaBillsYall.xcdatamodeld;
			sourceTree = "<group>";
			versionGroupType = wrapper.xcdatamodel;
		};
/* End XCVersionGroup section */
	};
	rootObject = AC54F3F51E13061400EDC118 /* Project object */;
}
